
Microsoft Visual Studio Solution File, Format Version 12.00
# Visual Studio for Mac
Project("{FAE04EC0-301F-11D3-BF4B-00C04F79EFBC}") = "Assembly-CSharp", "Assembly-CSharp.csproj", "{98A251B3-220B-1660-96D0-05E01608DB05}"
EndProject
Project("{FAE04EC0-301F-11D3-BF4B-00C04F79EFBC}") = "Assembly-CSharp-Editor", "Assembly-CSharp-Editor.csproj", "{68D03F09-2EAD-AD9A-CE1C-5879CF95897C}"
EndProject
Global
	GlobalSection(SolutionConfigurationPlatforms) = preSolution
		Debug|Any CPU = Debug|Any CPU
		Release|Any CPU = Release|Any CPU
	EndGlobalSection
	GlobalSection(ProjectConfigurationPlatforms) = postSolution
		{98A251B3-220B-1660-96D0-05E01608DB05}.Debug|Any CPU.ActiveCfg = Debug|Any CPU
		{98A251B3-220B-1660-96D0-05E01608DB05}.Debug|Any CPU.Build.0 = Debug|Any CPU
		{98A251B3-220B-1660-96D0-05E01608DB05}.Release|Any CPU.ActiveCfg = Release|Any CPU
		{98A251B3-220B-1660-96D0-05E01608DB05}.Release|Any CPU.Build.0 = Release|Any CPU
		{68D03F09-2EAD-AD9A-CE1C-5879CF95897C}.Debug|Any CPU.ActiveCfg = Debug|Any CPU
		{68D03F09-2EAD-AD9A-CE1C-5879CF95897C}.Debug|Any CPU.Build.0 = Debug|Any CPU
		{68D03F09-2EAD-AD9A-CE1C-5879CF95897C}.Release|Any CPU.ActiveCfg = Release|Any CPU
		{68D03F09-2EAD-AD9A-CE1C-5879CF95897C}.Release|Any CPU.Build.0 = Release|Any CPU
	EndGlobalSection
	GlobalSection(SolutionProperties) = preSolution
		HideSolutionNode = FALSE
	EndGlobalSection
EndGlobal
